
Microsoft Visual Studio Solution File, Format Version 12.00
# Visual Studio Version 17
VisualStudioVersion = 17.14.36109.1 d17.14
MinimumVisualStudioVersion = 10.0.40219.1
Project("{FAE04EC0-301F-11D3-BF4B-00C04F79EFBC}") = "BusinessObjects", "BusinessObjects\BusinessObjects.csproj", "{D6518DA8-1BA9-4B64-BB08-3DFE582F9CDD}"
EndProject
Project("{FAE04EC0-301F-11D3-BF4B-00C04F79EFBC}") = "DataAccessLayer", "DataAccessLayer\DataAccessLayer.csproj", "{2230C59E-C4B1-4A32-9835-FED6E8125198}"
EndProject
Project("{FAE04EC0-301F-11D3-BF4B-00C04F79EFBC}") = "Repositories", "Repositories\Repositories.csproj", "{DA30C78A-1CA5-4CD5-9B30-11DE092E51E0}"
EndProject
Project("{FAE04EC0-301F-11D3-BF4B-00C04F79EFBC}") = "Services", "Services\Services.csproj", "{E10E6163-752E-4534-BC11-852499024C16}"
EndProject
Global
	GlobalSection(SolutionConfigurationPlatforms) = preSolution
		Debug|Any CPU = Debug|Any CPU
		Release|Any CPU = Release|Any CPU
	EndGlobalSection
	GlobalSection(ProjectConfigurationPlatforms) = postSolution
		{D6518DA8-1BA9-4B64-BB08-3DFE582F9CDD}.Debug|Any CPU.ActiveCfg = Debug|Any CPU
		{D6518DA8-1BA9-4B64-BB08-3DFE582F9CDD}.Debug|Any CPU.Build.0 = Debug|Any CPU
		{D6518DA8-1BA9-4B64-BB08-3DFE582F9CDD}.Release|Any CPU.ActiveCfg = Release|Any CPU
		{D6518DA8-1BA9-4B64-BB08-3DFE582F9CDD}.Release|Any CPU.Build.0 = Release|Any CPU
		{2230C59E-C4B1-4A32-9835-FED6E8125198}.Debug|Any CPU.ActiveCfg = Debug|Any CPU
		{2230C59E-C4B1-4A32-9835-FED6E8125198}.Debug|Any CPU.Build.0 = Debug|Any CPU
		{2230C59E-C4B1-4A32-9835-FED6E8125198}.Release|Any CPU.ActiveCfg = Release|Any CPU
		{2230C59E-C4B1-4A32-9835-FED6E8125198}.Release|Any CPU.Build.0 = Release|Any CPU
		{DA30C78A-1CA5-4CD5-9B30-11DE092E51E0}.Debug|Any CPU.ActiveCfg = Debug|Any CPU
		{DA30C78A-1CA5-4CD5-9B30-11DE092E51E0}.Debug|Any CPU.Build.0 = Debug|Any CPU
		{DA30C78A-1CA5-4CD5-9B30-11DE092E51E0}.Release|Any CPU.ActiveCfg = Release|Any CPU
		{DA30C78A-1CA5-4CD5-9B30-11DE092E51E0}.Release|Any CPU.Build.0 = Release|Any CPU
		{E10E6163-752E-4534-BC11-852499024C16}.Debug|Any CPU.ActiveCfg = Debug|Any CPU
		{E10E6163-752E-4534-BC11-852499024C16}.Debug|Any CPU.Build.0 = Debug|Any CPU
		{E10E6163-752E-4534-BC11-852499024C16}.Release|Any CPU.ActiveCfg = Release|Any CPU
		{E10E6163-752E-4534-BC11-852499024C16}.Release|Any CPU.Build.0 = Release|Any CPU
	EndGlobalSection
	GlobalSection(SolutionProperties) = preSolution
		HideSolutionNode = FALSE
	EndGlobalSection
	GlobalSection(ExtensibilityGlobals) = postSolution
		SolutionGuid = {9BB0030D-D4A2-4492-AE30-541F4E430D36}
	EndGlobalSection
EndGlobal
